// !$*UTF8*$!
{
	archiveVersion = 1;
	classes = {
	};
	objectVersion = 50;
	objects = {

/* Begin PBXBuildFile section */
		8C48C9372228D54600367365 /* Date+Extension.swift in Sources */ = {isa = PBXBuildFile; fileRef = 8C48C9362228D54600367365 /* Date+Extension.swift */; };
		8C52137522278176009F5300 /* AppDelegate.swift in Sources */ = {isa = PBXBuildFile; fileRef = 8C52137422278176009F5300 /* AppDelegate.swift */; };
		8C52137722278176009F5300 /* ViewController.swift in Sources */ = {isa = PBXBuildFile; fileRef = 8C52137622278176009F5300 /* ViewController.swift */; };
		8C52137A22278176009F5300 /* Main.storyboard in Resources */ = {isa = PBXBuildFile; fileRef = 8C52137822278176009F5300 /* Main.storyboard */; };
		8C52137C22278179009F5300 /* Assets.xcassets in Resources */ = {isa = PBXBuildFile; fileRef = 8C52137B22278179009F5300 /* Assets.xcassets */; };
		8C52137F22278179009F5300 /* LaunchScreen.storyboard in Resources */ = {isa = PBXBuildFile; fileRef = 8C52137D22278179009F5300 /* LaunchScreen.storyboard */; };
		8C52138822278574009F5300 /* CalendarManager.swift in Sources */ = {isa = PBXBuildFile; fileRef = 8C52138722278574009F5300 /* CalendarManager.swift */; };
		8C52138A222785E5009F5300 /* CalendarItemModel.swift in Sources */ = {isa = PBXBuildFile; fileRef = 8C521389222785E5009F5300 /* CalendarItemModel.swift */; };
		8C95E9FE22290FA0001DEDE6 /* CalendarItemCell.swift in Sources */ = {isa = PBXBuildFile; fileRef = 8C95E9FD22290FA0001DEDE6 /* CalendarItemCell.swift */; };
		8C95EA0022291727001DEDE6 /* CalendarCell.swift in Sources */ = {isa = PBXBuildFile; fileRef = 8C95E9FF22291727001DEDE6 /* CalendarCell.swift */; };
		8C95EA0322291F32001DEDE6 /* CalendarView.swift in Sources */ = {isa = PBXBuildFile; fileRef = 8C95EA0222291F32001DEDE6 /* CalendarView.swift */; };
/* End PBXBuildFile section */

/* Begin PBXFileReference section */
		8C48C9362228D54600367365 /* Date+Extension.swift */ = {isa = PBXFileReference; lastKnownFileType = sourcecode.swift; path = "Date+Extension.swift"; sourceTree = "<group>"; };
		8C52137122278176009F5300 /* TLCalendar.app */ = {isa = PBXFileReference; explicitFileType = wrapper.application; includeInIndex = 0; path = TLCalendar.app; sourceTree = BUILT_PRODUCTS_DIR; };
		8C52137422278176009F5300 /* AppDelegate.swift */ = {isa = PBXFileReference; lastKnownFileType = sourcecode.swift; path = AppDelegate.swift; sourceTree = "<group>"; };
		8C52137622278176009F5300 /* ViewController.swift */ = {isa = PBXFileReference; lastKnownFileType = sourcecode.swift; path = ViewController.swift; sourceTree = "<group>"; };
		8C52137922278176009F5300 /* Base */ = {isa = PBXFileReference; lastKnownFileType = file.storyboard; name = Base; path = Base.lproj/Main.storyboard; sourceTree = "<group>"; };
		8C52137B22278179009F5300 /* Assets.xcassets */ = {isa = PBXFileReference; lastKnownFileType = folder.assetcatalog; path = Assets.xcassets; sourceTree = "<group>"; };
		8C52137E22278179009F5300 /* Base */ = {isa = PBXFileReference; lastKnownFileType = file.storyboard; name = Base; path = Base.lproj/LaunchScreen.storyboard; sourceTree = "<group>"; };
		8C52138022278179009F5300 /* Info.plist */ = {isa = PBXFileReference; lastKnownFileType = text.plist.xml; path = Info.plist; sourceTree = "<group>"; };
		8C52138722278574009F5300 /* CalendarManager.swift */ = {isa = PBXFileReference; lastKnownFileType = sourcecode.swift; path = CalendarManager.swift; sourceTree = "<group>"; };
		8C521389222785E5009F5300 /* CalendarItemModel.swift */ = {isa = PBXFileReference; lastKnownFileType = sourcecode.swift; path = CalendarItemModel.swift; sourceTree = "<group>"; };
		8C95E9FC22290D40001DEDE6 /* TLCalendar-Bridging-Header.h */ = {isa = PBXFileReference; lastKnownFileType = sourcecode.c.h; path = "TLCalendar-Bridging-Header.h"; sourceTree = "<group>"; };
		8C95E9FD22290FA0001DEDE6 /* CalendarItemCell.swift */ = {isa = PBXFileReference; lastKnownFileType = sourcecode.swift; path = CalendarItemCell.swift; sourceTree = "<group>"; };
		8C95E9FF22291727001DEDE6 /* CalendarCell.swift */ = {isa = PBXFileReference; lastKnownFileType = sourcecode.swift; path = CalendarCell.swift; sourceTree = "<group>"; };
		8C95EA0222291F32001DEDE6 /* CalendarView.swift */ = {isa = PBXFileReference; lastKnownFileType = sourcecode.swift; path = CalendarView.swift; sourceTree = "<group>"; };
/* End PBXFileReference section */

/* Begin PBXFrameworksBuildPhase section */
		8C52136E22278176009F5300 /* Frameworks */ = {
			isa = PBXFrameworksBuildPhase;
			buildActionMask = 2147483647;
			files = (
			);
			runOnlyForDeploymentPostprocessing = 0;
		};
/* End PBXFrameworksBuildPhase section */

/* Begin PBXGroup section */
		8C52136822278176009F5300 = {
			isa = PBXGroup;
			children = (
				8C52137322278176009F5300 /* TLCalendar */,
				8C52137222278176009F5300 /* Products */,
			);
			sourceTree = "<group>";
		};
		8C52137222278176009F5300 /* Products */ = {
			isa = PBXGroup;
			children = (
				8C52137122278176009F5300 /* TLCalendar.app */,
			);
			name = Products;
			sourceTree = "<group>";
		};
		8C52137322278176009F5300 /* TLCalendar */ = {
			isa = PBXGroup;
			children = (
				8C52138622278545009F5300 /* Calendar */,
				8C52137422278176009F5300 /* AppDelegate.swift */,
				8C52137622278176009F5300 /* ViewController.swift */,
				8C95E9FC22290D40001DEDE6 /* TLCalendar-Bridging-Header.h */,
				8C52137822278176009F5300 /* Main.storyboard */,
				8C52137B22278179009F5300 /* Assets.xcassets */,
				8C52137D22278179009F5300 /* LaunchScreen.storyboard */,
				8C52138022278179009F5300 /* Info.plist */,
			);
			path = TLCalendar;
			sourceTree = "<group>";
		};
		8C52138622278545009F5300 /* Calendar */ = {
			isa = PBXGroup;
			children = (
				8C52138722278574009F5300 /* CalendarManager.swift */,
				8C521389222785E5009F5300 /* CalendarItemModel.swift */,
				8C48C9362228D54600367365 /* Date+Extension.swift */,
				8C95E9FD22290FA0001DEDE6 /* CalendarItemCell.swift */,
				8C95E9FF22291727001DEDE6 /* CalendarCell.swift */,
				8C95EA0222291F32001DEDE6 /* CalendarView.swift */,
			);
			path = Calendar;
			sourceTree = "<group>";
		};
/* End PBXGroup section */

/* Begin PBXNativeTarget section */
		8C52137022278176009F5300 /* TLCalendar */ = {
			isa = PBXNativeTarget;
			buildConfigurationList = 8C5213832227817A009F5300 /* Build configuration list for PBXNativeTarget "TLCalendar" */;
			buildPhases = (
				8C52136D22278176009F5300 /* Sources */,
				8C52136E22278176009F5300 /* Frameworks */,
				8C52136F22278176009F5300 /* Resources */,
			);
			buildRules = (
			);
			dependencies = (
			);
			name = TLCalendar;
			productName = TLCalendar;
			productReference = 8C52137122278176009F5300 /* TLCalendar.app */;
			productType = "com.apple.product-type.application";
		};
/* End PBXNativeTarget section */

/* Begin PBXProject section */
		8C52136922278176009F5300 /* Project object */ = {
			isa = PBXProject;
			attributes = {
				LastSwiftUpdateCheck = 1010;
				LastUpgradeCheck = 1010;
				ORGANIZATIONNAME = yuetianlu;
				TargetAttributes = {
					8C52137022278176009F5300 = {
						CreatedOnToolsVersion = 10.1;
						LastSwiftMigration = 1010;
					};
				};
			};
			buildConfigurationList = 8C52136C22278176009F5300 /* Build configuration list for PBXProject "TLCalendar" */;
			compatibilityVersion = "Xcode 9.3";
			developmentRegion = en;
			hasScannedForEncodings = 0;
			knownRegions = (
				en,
				Base,
			);
			mainGroup = 8C52136822278176009F5300;
			productRefGroup = 8C52137222278176009F5300 /* Products */;
			projectDirPath = "";
			projectRoot = "";
			targets = (
				8C52137022278176009F5300 /* TLCalendar */,
			);
		};
/* End PBXProject section */

/* Begin PBXResourcesBuildPhase section */
		8C52136F22278176009F5300 /* Resources */ = {
			isa = PBXResourcesBuildPhase;
			buildActionMask = 2147483647;
			files = (
				8C52137F22278179009F5300 /* LaunchScreen.storyboard in Resources */,
				8C52137C22278179009F5300 /* Assets.xcassets in Resources */,
				8C52137A22278176009F5300 /* Main.storyboard in Resources */,
			);
			runOnlyForDeploymentPostprocessing = 0;
		};
/* End PBXResourcesBuildPhase section */

/* Begin PBXSourcesBuildPhase section */
		8C52136D22278176009F5300 /* Sources */ = {
			isa = PBXSourcesBuildPhase;
			buildActionMask = 2147483647;
			files = (
				8C52138A222785E5009F5300 /* CalendarItemModel.swift in Sources */,
				8C95EA0022291727001DEDE6 /* CalendarCell.swift in Sources */,
				8C95EA0322291F32001DEDE6 /* CalendarView.swift in Sources */,
				8C52138822278574009F5300 /* CalendarManager.swift in Sources */,
				8C52137722278176009F5300 /* ViewController.swift in Sources */,
				8C52137522278176009F5300 /* AppDelegate.swift in Sources */,
				8C95E9FE22290FA0001DEDE6 /* CalendarItemCell.swift in Sources */,
				8C48C9372228D54600367365 /* Date+Extension.swift in Sources */,
			);
			runOnlyForDeploymentPostprocessing = 0;
		};
/* End PBXSourcesBuildPhase section */

/* Begin PBXVariantGroup section */
		8C52137822278176009F5300 /* Main.storyboard */ = {
			isa = PBXVariantGroup;
			children = (
				8C52137922278176009F5300 /* Base */,
			);
			name = Main.storyboard;
			sourceTree = "<group>";
		};
		8C52137D22278179009F5300 /* LaunchScreen.storyboard */ = {
			isa = PBXVariantGroup;
			children = (
				8C52137E22278179009F5300 /* Base */,
			);
			name = LaunchScreen.storyboard;
			sourceTree = "<group>";
		};
/* End PBXVariantGroup section */

/* Begin XCBuildConfiguration section */
		8C5213812227817A009F5300 /* Debug */ = {
			isa = XCBuildConfiguration;
			buildSettings = {
				ALWAYS_SEARCH_USER_PATHS = NO;
				CLANG_ANALYZER_NONNULL = YES;
				CLANG_ANALYZER_NUMBER_OBJECT_CONVERSION = YES_AGGRESSIVE;
				CLANG_CXX_LANGUAGE_STANDARD = "gnu++14";
				CLANG_CXX_LIBRARY = "libc++";
				CLANG_ENABLE_MODULES = YES;
				CLANG_ENABLE_OBJC_ARC = YES;
				CLANG_ENABLE_OBJC_WEAK = YES;
				CLANG_WARN_BLOCK_CAPTURE_AUTORELEASING = YES;
				CLANG_WARN_BOOL_CONVERSION = YES;
				CLANG_WARN_COMMA = YES;
				CLANG_WARN_CONSTANT_CONVERSION = YES;
				CLANG_WARN_DEPRECATED_OBJC_IMPLEMENTATIONS = YES;
				CLANG_WARN_DIRECT_OBJC_ISA_USAGE = YES_ERROR;
				CLANG_WARN_DOCUMENTATION_COMMENTS = YES;
				CLANG_WARN_EMPTY_BODY = YES;
				CLANG_WARN_ENUM_CONVERSION = YES;
				CLANG_WARN_INFINITE_RECURSION = YES;
				CLANG_WARN_INT_CONVERSION = YES;
				CLANG_WARN_NON_LITERAL_NULL_CONVERSION = YES;
				CLANG_WARN_OBJC_IMPLICIT_RETAIN_SELF = YES;
				CLANG_WARN_OBJC_LITERAL_CONVERSION = YES;
				CLANG_WARN_OBJC_ROOT_CLASS = YES_ERROR;
				CLANG_WARN_RANGE_LOOP_ANALYSIS = YES;
				CLANG_WARN_STRICT_PROTOTYPES = YES;
				CLANG_WARN_SUSPICIOUS_MOVE = YES;
				CLANG_WARN_UNGUARDED_AVAILABILITY = YES_AGGRESSIVE;
				CLANG_WARN_UNREACHABLE_CODE = YES;
				CLANG_WARN__DUPLICATE_METHOD_MATCH = YES;
				CODE_SIGN_IDENTITY = "iPhone Developer";
				COPY_PHASE_STRIP = NO;
				DEBUG_INFORMATION_FORMAT = dwarf;
				ENABLE_STRICT_OBJC_MSGSEND = YES;
				ENABLE_TESTABILITY = YES;
				GCC_C_LANGUAGE_STANDARD = gnu11;
				GCC_DYNAMIC_NO_PIC = NO;
				GCC_NO_COMMON_BLOCKS = YES;
				GCC_OPTIMIZATION_LEVEL = 0;
				GCC_PREPROCESSOR_DEFINITIONS = (
					"DEBUG=1",
					"$(inherited)",
				);
				GCC_WARN_64_TO_32_BIT_CONVERSION = YES;
				GCC_WARN_ABOUT_RETURN_TYPE = YES_ERROR;
				GCC_WARN_UNDECLARED_SELECTOR = YES;
				GCC_WARN_UNINITIALIZED_AUTOS = YES_AGGRESSIVE;
				GCC_WARN_UNUSED_FUNCTION = YES;
				GCC_WARN_UNUSED_VARIABLE = YES;
				IPHONEOS_DEPLOYMENT_TARGET = 12.1;
				MTL_ENABLE_DEBUG_INFO = INCLUDE_SOURCE;
				MTL_FAST_MATH = YES;
				ONLY_ACTIVE_ARCH = YES;
				SDKROOT = iphoneos;
				SWIFT_ACTIVE_COMPILATION_CONDITIONS = DEBUG;
				SWIFT_OPTIMIZATION_LEVEL = "-Onone";
			};
			name = Debug;
		};
		8C5213822227817A009F5300 /* Release */ = {
			isa = XCBuildConfiguration;
			buildSettings = {
				ALWAYS_SEARCH_USER_PATHS = NO;
				CLANG_ANALYZER_NONNULL = YES;
				CLANG_ANALYZER_NUMBER_OBJECT_CONVERSION = YES_AGGRESSIVE;
				CLANG_CXX_LANGUAGE_STANDARD = "gnu++14";
				CLANG_CXX_LIBRARY = "libc++";
				CLANG_ENABLE_MODULES = YES;
				CLANG_ENABLE_OBJC_ARC = YES;
				CLANG_ENABLE_OBJC_WEAK = YES;
				CLANG_WARN_BLOCK_CAPTURE_AUTORELEASING = YES;
				CLANG_WARN_BOOL_CONVERSION = YES;
				CLANG_WARN_COMMA = YES;
				CLANG_WARN_CONSTANT_CONVERSION = YES;
				CLANG_WARN_DEPRECATED_OBJC_IMPLEMENTATIONS = YES;
				CLANG_WARN_DIRECT_OBJC_ISA_USAGE = YES_ERROR;
				CLANG_WARN_DOCUMENTATION_COMMENTS = YES;
				CLANG_WARN_EMPTY_BODY = YES;
				CLANG_WARN_ENUM_CONVERSION = YES;
				CLANG_WARN_INFINITE_RECURSION = YES;
				CLANG_WARN_INT_CONVERSION = YES;
				CLANG_WARN_NON_LITERAL_NULL_CONVERSION = YES;
				CLANG_WARN_OBJC_IMPLICIT_RETAIN_SELF = YES;
				CLANG_WARN_OBJC_LITERAL_CONVERSION = YES;
				CLANG_WARN_OBJC_ROOT_CLASS = YES_ERROR;
				CLANG_WARN_RANGE_LOOP_ANALYSIS = YES;
				CLANG_WARN_STRICT_PROTOTYPES = YES;
				CLANG_WARN_SUSPICIOUS_MOVE = YES;
				CLANG_WARN_UNGUARDED_AVAILABILITY = YES_AGGRESSIVE;
				CLANG_WARN_UNREACHABLE_CODE = YES;
				CLANG_WARN__DUPLICATE_METHOD_MATCH = YES;
				CODE_SIGN_IDENTITY = "iPhone Developer";
				COPY_PHASE_STRIP = NO;
				DEBUG_INFORMATION_FORMAT = "dwarf-with-dsym";
				ENABLE_NS_ASSERTIONS = NO;
				ENABLE_STRICT_OBJC_MSGSEND = YES;
				GCC_C_LANGUAGE_STANDARD = gnu11;
				GCC_NO_COMMON_BLOCKS = YES;
				GCC_WARN_64_TO_32_BIT_CONVERSION = YES;
				GCC_WARN_ABOUT_RETURN_TYPE = YES_ERROR;
				GCC_WARN_UNDECLARED_SELECTOR = YES;
				GCC_WARN_UNINITIALIZED_AUTOS = YES_AGGRESSIVE;
				GCC_WARN_UNUSED_FUNCTION = YES;
				GCC_WARN_UNUSED_VARIABLE = YES;
				IPHONEOS_DEPLOYMENT_TARGET = 12.1;
				MTL_ENABLE_DEBUG_INFO = NO;
				MTL_FAST_MATH = YES;
				SDKROOT = iphoneos;
				SWIFT_COMPILATION_MODE = wholemodule;
				SWIFT_OPTIMIZATION_LEVEL = "-O";
				VALIDATE_PRODUCT = YES;
			};
			name = Release;
		};
		8C5213842227817A009F5300 /* Debug */ = {
			isa = XCBuildConfiguration;
			buildSettings = {
				ASSETCATALOG_COMPILER_APPICON_NAME = AppIcon;
				CLANG_ENABLE_MODULES = YES;
				CODE_SIGN_STYLE = Automatic;
				INFOPLIST_FILE = TLCalendar/Info.plist;
				LD_RUNPATH_SEARCH_PATHS = (
					"$(inherited)",
					"@executable_path/Frameworks",
				);
				PRODUCT_BUNDLE_IDENTIFIER = yuetianlu.com.TLCalendar;
				PRODUCT_NAME = "$(TARGET_NAME)";
				SWIFT_OBJC_BRIDGING_HEADER = "";
				SWIFT_OPTIMIZATION_LEVEL = "-Onone";
				SWIFT_VERSION = 4.2;
				TARGETED_DEVICE_FAMILY = "1,2";
			};
			name = Debug;
		};
		8C5213852227817A009F5300 /* Release */ = {
			isa = XCBuildConfiguration;
			buildSettings = {
				ASSETCATALOG_COMPILER_APPICON_NAME = AppIcon;
				CLANG_ENABLE_MODULES = YES;
				CODE_SIGN_STYLE = Automatic;
				INFOPLIST_FILE = TLCalendar/Info.plist;
				LD_RUNPATH_SEARCH_PATHS = (
					"$(inherited)",
					"@executable_path/Frameworks",
				);
				PRODUCT_BUNDLE_IDENTIFIER = yuetianlu.com.TLCalendar;
				PRODUCT_NAME = "$(TARGET_NAME)";
				SWIFT_OBJC_BRIDGING_HEADER = "";
				SWIFT_VERSION = 4.2;
				TARGETED_DEVICE_FAMILY = "1,2";
			};
			name = Release;
		};
/* End XCBuildConfiguration section */

/* Begin XCConfigurationList section */
		8C52136C22278176009F5300 /* Build configuration list for PBXProject "TLCalendar" */ = {
			isa = XCConfigurationList;
			buildConfigurations = (
				8C5213812227817A009F5300 /* Debug */,
				8C5213822227817A009F5300 /* Release */,
			);
			defaultConfigurationIsVisible = 0;
			defaultConfigurationName = Release;
		};
		8C5213832227817A009F5300 /* Build configuration list for PBXNativeTarget "TLCalendar" */ = {
			isa = XCConfigurationList;
			buildConfigurations = (
				8C5213842227817A009F5300 /* Debug */,
				8C5213852227817A009F5300 /* Release */,
			);
			defaultConfigurationIsVisible = 0;
			defaultConfigurationName = Release;
		};
/* End XCConfigurationList section */
	};
	rootObject = 8C52136922278176009F5300 /* Project object */;
}
